
Microsoft Visual Studio Solution File, Format Version 12.00
# Visual Studio Version 16
VisualStudioVersion = 25.0.1705.3
MinimumVisualStudioVersion = 10.0.40219.1
Project("{FAE04EC0-301F-11D3-BF4B-00C04F79EFBC}") = "ClassAndPropertieExample", "ClassAndPropertieExample.csproj", "{BE23D8BB-40BD-40CC-9EEA-FADA907ED3C9}"
EndProject
Global
	GlobalSection(SolutionConfigurationPlatforms) = preSolution
		Debug|Any CPU = Debug|Any CPU
		Release|Any CPU = Release|Any CPU
	EndGlobalSection
	GlobalSection(ProjectConfigurationPlatforms) = postSolution
		{BE23D8BB-40BD-40CC-9EEA-FADA907ED3C9}.Debug|Any CPU.ActiveCfg = Debug|Any CPU
		{BE23D8BB-40BD-40CC-9EEA-FADA907ED3C9}.Debug|Any CPU.Build.0 = Debug|Any CPU
		{BE23D8BB-40BD-40CC-9EEA-FADA907ED3C9}.Release|Any CPU.ActiveCfg = Release|Any CPU
		{BE23D8BB-40BD-40CC-9EEA-FADA907ED3C9}.Release|Any CPU.Build.0 = Release|Any CPU
	EndGlobalSection
	GlobalSection(SolutionProperties) = preSolution
		HideSolutionNode = FALSE
	EndGlobalSection
	GlobalSection(ExtensibilityGlobals) = postSolution
		SolutionGuid = {4C89A1D7-BF3F-4F72-9A34-D1121CBA5C03}
	EndGlobalSection
EndGlobal
