
Microsoft Visual Studio Solution File, Format Version 12.00
# Visual Studio Version 16
VisualStudioVersion = 16.0.33529.622
MinimumVisualStudioVersion = 10.0.40219.1
Project("{FAE04EC0-301F-11D3-BF4B-00C04F79EFBC}") = "Uçuş Rezervasyon Sistemi", "Uçuş Rezervasyon Sistemi\Uçuş Rezervasyon Sistemi.csproj", "{3B4FD2FD-872C-46F6-A086-DCB2E1ABBF04}"
EndProject
Global
	GlobalSection(SolutionConfigurationPlatforms) = preSolution
		Debug|Any CPU = Debug|Any CPU
		Release|Any CPU = Release|Any CPU
	EndGlobalSection
	GlobalSection(ProjectConfigurationPlatforms) = postSolution
		{3B4FD2FD-872C-46F6-A086-DCB2E1ABBF04}.Debug|Any CPU.ActiveCfg = Debug|Any CPU
		{3B4FD2FD-872C-46F6-A086-DCB2E1ABBF04}.Debug|Any CPU.Build.0 = Debug|Any CPU
		{3B4FD2FD-872C-46F6-A086-DCB2E1ABBF04}.Release|Any CPU.ActiveCfg = Release|Any CPU
		{3B4FD2FD-872C-46F6-A086-DCB2E1ABBF04}.Release|Any CPU.Build.0 = Release|Any CPU
	EndGlobalSection
	GlobalSection(SolutionProperties) = preSolution
		HideSolutionNode = FALSE
	EndGlobalSection
	GlobalSection(ExtensibilityGlobals) = postSolution
		SolutionGuid = {FCD24D61-BCEF-4922-81C7-01363C229AF1}
	EndGlobalSection
EndGlobal
